
Microsoft Visual Studio Solution File, Format Version 12.00
# Visual Studio Version 16
VisualStudioVersion = 16.0.31129.286
MinimumVisualStudioVersion = 10.0.40219.1
Project("{FAE04EC0-301F-11D3-BF4B-00C04F79EFBC}") = "AutomationPracticeBDD", "AutomationPracticeBDD\AutomationPracticeBDD.csproj", "{6DCC4E69-B1B5-4CD4-9DB9-7B38B2B15016}"
EndProject
Global
	GlobalSection(SolutionConfigurationPlatforms) = preSolution
		Debug|Any CPU = Debug|Any CPU
		Release|Any CPU = Release|Any CPU
	EndGlobalSection
	GlobalSection(ProjectConfigurationPlatforms) = postSolution
		{6DCC4E69-B1B5-4CD4-9DB9-7B38B2B15016}.Debug|Any CPU.ActiveCfg = Debug|Any CPU
		{6DCC4E69-B1B5-4CD4-9DB9-7B38B2B15016}.Debug|Any CPU.Build.0 = Debug|Any CPU
		{6DCC4E69-B1B5-4CD4-9DB9-7B38B2B15016}.Release|Any CPU.ActiveCfg = Release|Any CPU
		{6DCC4E69-B1B5-4CD4-9DB9-7B38B2B15016}.Release|Any CPU.Build.0 = Release|Any CPU
	EndGlobalSection
	GlobalSection(SolutionProperties) = preSolution
		HideSolutionNode = FALSE
	EndGlobalSection
	GlobalSection(ExtensibilityGlobals) = postSolution
		SolutionGuid = {246DA1C2-E135-4905-8BDF-9379DDFAA5FD}
	EndGlobalSection
EndGlobal
